
Microsoft Visual Studio Solution File, Format Version 12.00
# Visual Studio Version 16
VisualStudioVersion = 16.0.31515.178
MinimumVisualStudioVersion = 10.0.40219.1
Project("{FAE04EC0-301F-11D3-BF4B-00C04F79EFBC}") = "worksheet1", "worksheet1.csproj", "{A54B840C-8949-4FBE-9C36-3BC9F44E5DE9}"
EndProject
Global
	GlobalSection(SolutionConfigurationPlatforms) = preSolution
		Debug|Any CPU = Debug|Any CPU
		Release|Any CPU = Release|Any CPU
	EndGlobalSection
	GlobalSection(ProjectConfigurationPlatforms) = postSolution
		{A54B840C-8949-4FBE-9C36-3BC9F44E5DE9}.Debug|Any CPU.ActiveCfg = Debug|Any CPU
		{A54B840C-8949-4FBE-9C36-3BC9F44E5DE9}.Debug|Any CPU.Build.0 = Debug|Any CPU
		{A54B840C-8949-4FBE-9C36-3BC9F44E5DE9}.Release|Any CPU.ActiveCfg = Release|Any CPU
		{A54B840C-8949-4FBE-9C36-3BC9F44E5DE9}.Release|Any CPU.Build.0 = Release|Any CPU
	EndGlobalSection
	GlobalSection(SolutionProperties) = preSolution
		HideSolutionNode = FALSE
	EndGlobalSection
	GlobalSection(ExtensibilityGlobals) = postSolution
		SolutionGuid = {B3016077-3AE3-44CB-8A26-57A3537E1987}
	EndGlobalSection
EndGlobal
