
Microsoft Visual Studio Solution File, Format Version 12.00
# Visual Studio Version 16
VisualStudioVersion = 16.0.31515.178
MinimumVisualStudioVersion = 10.0.40219.1
Project("{F184B08F-C81C-45F6-A57F-5ABD9991F28F}") = "workshop1", "workshop1\workshop1.vbproj", "{C16E0F12-6A52-4989-B631-9490452C908C}"
EndProject
Global
	GlobalSection(SolutionConfigurationPlatforms) = preSolution
		Debug|Any CPU = Debug|Any CPU
		Release|Any CPU = Release|Any CPU
	EndGlobalSection
	GlobalSection(ProjectConfigurationPlatforms) = postSolution
		{C16E0F12-6A52-4989-B631-9490452C908C}.Debug|Any CPU.ActiveCfg = Debug|Any CPU
		{C16E0F12-6A52-4989-B631-9490452C908C}.Debug|Any CPU.Build.0 = Debug|Any CPU
		{C16E0F12-6A52-4989-B631-9490452C908C}.Release|Any CPU.ActiveCfg = Release|Any CPU
		{C16E0F12-6A52-4989-B631-9490452C908C}.Release|Any CPU.Build.0 = Release|Any CPU
	EndGlobalSection
	GlobalSection(SolutionProperties) = preSolution
		HideSolutionNode = FALSE
	EndGlobalSection
	GlobalSection(ExtensibilityGlobals) = postSolution
		SolutionGuid = {4A2589AC-16CE-4B2A-B109-E5A0F918501F}
	EndGlobalSection
EndGlobal
